hash: 208fc5e9965966357a49b9a1077c7098ce0b939fc2d4d0272af2eaa096a54996
updated: 2016-11-10T12:59:52.053627031Z
imports:
- name: github.com/inconshreveable/mousetrap
  version: 76626ae9c91c4f2a10f34cad8ce83ea42c93bb75
- name: github.com/lucasb-eyer/go-colorful
  version: 9c2852a141bf4711e4276f8f119c90d0f20a556c
- name: github.com/spf13/cobra
  version: 6e91dded25d73176bf7f60b40dd7aa1f0bf9be8d
- name: github.com/spf13/pflag
  version: 5ccb023bc27df288a957c5e994cd44fd19619465
- name: github.com/stretchr/testify
  version: 69483b4bd14f5845b5a1e55bca19e954e827f1d0
testImports: []
